
Microsoft Visual Studio Solution File, Format Version 12.00
# Visual Studio Version 17
VisualStudioVersion = 17.3.32922.545
MinimumVisualStudioVersion = 10.0.40219.1
Project("{FAE04EC0-301F-11D3-BF4B-00C04F79EFBC}") = "Chapter1", "Chapter1\Chapter1.csproj", "{C5B9A575-9A6C-42A3-ACBD-30F6CEAFFE12}"
EndProject
Project("{2150E333-8FDC-42A3-9474-1A3956D46DE8}") = "Solution Items", "Solution Items", "{729B0DEB-623D-4DD7-87E6-70283D2FD1D0}"
	ProjectSection(SolutionItems) = preProject
		Class3.cs = Class3.cs
	EndProjectSection
EndProject
Global
	GlobalSection(SolutionConfigurationPlatforms) = preSolution
		Debug|Any CPU = Debug|Any CPU
		Release|Any CPU = Release|Any CPU
	EndGlobalSection
	GlobalSection(ProjectConfigurationPlatforms) = postSolution
		{C5B9A575-9A6C-42A3-ACBD-30F6CEAFFE12}.Debug|Any CPU.ActiveCfg = Debug|Any CPU
		{C5B9A575-9A6C-42A3-ACBD-30F6CEAFFE12}.Debug|Any CPU.Build.0 = Debug|Any CPU
		{C5B9A575-9A6C-42A3-ACBD-30F6CEAFFE12}.Release|Any CPU.ActiveCfg = Release|Any CPU
		{C5B9A575-9A6C-42A3-ACBD-30F6CEAFFE12}.Release|Any CPU.Build.0 = Release|Any CPU
	EndGlobalSection
	GlobalSection(SolutionProperties) = preSolution
		HideSolutionNode = FALSE
	EndGlobalSection
	GlobalSection(ExtensibilityGlobals) = postSolution
		SolutionGuid = {0A4B8BD4-B441-464E-AC54-FE91BB7DE91A}
	EndGlobalSection
EndGlobal
